// !$*UTF8*$!
{
	archiveVersion = 1;
	classes = {
	};
	objectVersion = 46;
	objects = {

/* Begin PBXBuildFile section */
		1D3623260D0F684500981E51 /* MittSaldoAppDelegate.m in Sources */ = {isa = PBXBuildFile; fileRef = 1D3623250D0F684500981E51 /* MittSaldoAppDelegate.m */; };
		1D60589B0D05DD56006BFB54 /* main.m in Sources */ = {isa = PBXBuildFile; fileRef = 29B97316FDCFA39411CA2CEA /* main.m */; };
		28C286E10D94DF7D0034E888 /* RootViewController.m in Sources */ = {isa = PBXBuildFile; fileRef = 28C286E00D94DF7D0034E888 /* RootViewController.m */; };
		6F29A29F11F226AA003652F3 /* WebViewUserAgent.m in Sources */ = {isa = PBXBuildFile; fileRef = 6F29A29E11F226AA003652F3 /* WebViewUserAgent.m */; };
		6F29A38611F35D9C003652F3 /* Reachability.m in Sources */ = {isa = PBXBuildFile; fileRef = 6F29A38511F35D9C003652F3 /* Reachability.m */; };
		6F29A3B711F35E3B003652F3 /* ASIAuthenticationDialog.m in Sources */ = {isa = PBXBuildFile; fileRef = 6F29A3A811F35E3B003652F3 /* ASIAuthenticationDialog.m */; };
		6F29A3B811F35E3B003652F3 /* ASIDownloadCache.m in Sources */ = {isa = PBXBuildFile; fileRef = 6F29A3AB11F35E3B003652F3 /* ASIDownloadCache.m */; };
		6F29A3B911F35E3B003652F3 /* ASIFormDataRequest.m in Sources */ = {isa = PBXBuildFile; fileRef = 6F29A3AD11F35E3B003652F3 /* ASIFormDataRequest.m */; };
		6F29A3BA11F35E3B003652F3 /* ASIHTTPRequest.m in Sources */ = {isa = PBXBuildFile; fileRef = 6F29A3AF11F35E3B003652F3 /* ASIHTTPRequest.m */; };
		6F29A3BB11F35E3B003652F3 /* ASIInputStream.m in Sources */ = {isa = PBXBuildFile; fileRef = 6F29A3B311F35E3B003652F3 /* ASIInputStream.m */; };
		6F29A3BC11F35E3B003652F3 /* ASINetworkQueue.m in Sources */ = {isa = PBXBuildFile; fileRef = 6F29A3B511F35E3B003652F3 /* ASINetworkQueue.m */; };
		6F29A45211F363D8003652F3 /* HandelsbankenMenuParser.m in Sources */ = {isa = PBXBuildFile; fileRef = 6F29A45111F363D8003652F3 /* HandelsbankenMenuParser.m */; };
		6F29A5E311FB2A67003652F3 /* MittSaldoSettings.m in Sources */ = {isa = PBXBuildFile; fileRef = 6F29A5E211FB2A67003652F3 /* MittSaldoSettings.m */; };
		6FFDD0FF1201EC6F00265D4B /* ICABankenLogin.m in Sources */ = {isa = PBXBuildFile; fileRef = 6FFDD0FE1201EC6F00265D4B /* ICABankenLogin.m */; };
		6FFDD1021201EC8200265D4B /* ICABankenAccountParser.m in Sources */ = {isa = PBXBuildFile; fileRef = 6FFDD1011201EC8200265D4B /* ICABankenAccountParser.m */; };
		6FFDD14E1201F15E00265D4B /* BSSettingsTextField.m in Sources */ = {isa = PBXBuildFile; fileRef = 6FFDD14D1201F15E00265D4B /* BSSettingsTextField.m */; };
		6FFDD1A31201FA1500265D4B /* ICABankenLoginParser.m in Sources */ = {isa = PBXBuildFile; fileRef = 6FFDD1A21201FA1500265D4B /* ICABankenLoginParser.m */; };
		F4052EEC1306C1E3005AAC54 /* SEBLogin.m in Sources */ = {isa = PBXBuildFile; fileRef = F4052EEB1306C1E2005AAC54 /* SEBLogin.m */; };
		F4052EEF1306C42E005AAC54 /* BankLoginFactory.m in Sources */ = {isa = PBXBuildFile; fileRef = F4052EEE1306C426005AAC54 /* BankLoginFactory.m */; };
		F4052EF213116C34005AAC54 /* SEBAccountParser.m in Sources */ = {isa = PBXBuildFile; fileRef = F4052EF113116C33005AAC54 /* SEBAccountParser.m */; };
		F41DF62A127F5B4100C57927 /* MittSaldo.xcdatamodeld in Sources */ = {isa = PBXBuildFile; fileRef = F41DF627127F5B4100C57927 /* MittSaldo.xcdatamodeld */; };
		F439AB87118D900D00AF52C0 /* LoginParser.m in Sources */ = {isa = PBXBuildFile; fileRef = F439AB86118D900D00AF52C0 /* LoginParser.m */; };
		F439AD79119C06B400AF52C0 /* AccountUpdater.m in Sources */ = {isa = PBXBuildFile; fileRef = F439AD78119C06B400AF52C0 /* AccountUpdater.m */; };
		F439AD92119C0E3F00AF52C0 /* Settings.bundle in Resources */ = {isa = PBXBuildFile; fileRef = F439AD91119C0E3F00AF52C0 /* Settings.bundle */; };
		F4463148120EC04F00CD3A2B /* libz.1.2.3.dylib in Frameworks */ = {isa = PBXBuildFile; fileRef = F4463147120EC04F00CD3A2B /* libz.1.2.3.dylib */; };
		F446314A120EC05900CD3A2B /* MobileCoreServices.framework in Frameworks */ = {isa = PBXBuildFile; fileRef = F4463149120EC05900CD3A2B /* MobileCoreServices.framework */; };
		F446314E120EC06200CD3A2B /* CFNetwork.framework in Frameworks */ = {isa = PBXBuildFile; fileRef = F446314D120EC06200CD3A2B /* CFNetwork.framework */; };
		F4463152120EC06800CD3A2B /* SystemConfiguration.framework in Frameworks */ = {isa = PBXBuildFile; fileRef = F4463151120EC06800CD3A2B /* SystemConfiguration.framework */; };
		F4463156120EC06E00CD3A2B /* UIKit.framework in Frameworks */ = {isa = PBXBuildFile; fileRef = F4463155120EC06E00CD3A2B /* UIKit.framework */; };
		F446315A120EC07500CD3A2B /* Foundation.framework in Frameworks */ = {isa = PBXBuildFile; fileRef = F4463159120EC07500CD3A2B /* Foundation.framework */; };
		F446315E120EC07B00CD3A2B /* CoreGraphics.framework in Frameworks */ = {isa = PBXBuildFile; fileRef = F446315D120EC07B00CD3A2B /* CoreGraphics.framework */; };
		F4463162120EC08000CD3A2B /* CoreData.framework in Frameworks */ = {isa = PBXBuildFile; fileRef = F4463161120EC08000CD3A2B /* CoreData.framework */; };
		F44633171216BB5B00CD3A2B /* 84-lightbulb.png in Resources */ = {isa = PBXBuildFile; fileRef = F44633151216BB5B00CD3A2B /* 84-lightbulb.png */; };
		F44633181216BB5B00CD3A2B /* Icon.png in Resources */ = {isa = PBXBuildFile; fileRef = F44633161216BB5B00CD3A2B /* Icon.png */; };
		F446331D1216BB7300CD3A2B /* 20-gear2.png in Resources */ = {isa = PBXBuildFile; fileRef = F44633191216BB7300CD3A2B /* 20-gear2.png */; };
		F446331E1216BB7300CD3A2B /* 32-iphone.png in Resources */ = {isa = PBXBuildFile; fileRef = F446331A1216BB7300CD3A2B /* 32-iphone.png */; };
		F446331F1216BB7300CD3A2B /* 54-lock-white.png in Resources */ = {isa = PBXBuildFile; fileRef = F446331B1216BB7300CD3A2B /* 54-lock-white.png */; };
		F44633201216BB7300CD3A2B /* 119-piggybank.png in Resources */ = {isa = PBXBuildFile; fileRef = F446331C1216BB7300CD3A2B /* 119-piggybank.png */; };
		F44633601216BDE200CD3A2B /* BSKeyboardAwareTableView.m in Sources */ = {isa = PBXBuildFile; fileRef = F446335F1216BDE200CD3A2B /* BSKeyboardAwareTableView.m */; };
		F446343D1216D03F00CD3A2B /* AboutMittSaldo.xib in Resources */ = {isa = PBXBuildFile; fileRef = F44634351216D03F00CD3A2B /* AboutMittSaldo.xib */; };
		F446343E1216D03F00CD3A2B /* AccountDetailsView.xib in Resources */ = {isa = PBXBuildFile; fileRef = F44634361216D03F00CD3A2B /* AccountDetailsView.xib */; };
		F44634401216D03F00CD3A2B /* MainView.xib in Resources */ = {isa = PBXBuildFile; fileRef = F44634381216D03F00CD3A2B /* MainView.xib */; };
		F44634411216D03F00CD3A2B /* MainWindow.xib in Resources */ = {isa = PBXBuildFile; fileRef = F44634391216D03F00CD3A2B /* MainWindow.xib */; };
		F44634421216D03F00CD3A2B /* RootViewController.xib in Resources */ = {isa = PBXBuildFile; fileRef = F446343A1216D03F00CD3A2B /* RootViewController.xib */; };
		F44634431216D03F00CD3A2B /* SettingsView.xib in Resources */ = {isa = PBXBuildFile; fileRef = F446343B1216D03F00CD3A2B /* SettingsView.xib */; };
		F44634441216D03F00CD3A2B /* WebBankViewController.xib in Resources */ = {isa = PBXBuildFile; fileRef = F446343C1216D03F00CD3A2B /* WebBankViewController.xib */; };
		F44634471216D06200CD3A2B /* Localizable.strings in Resources */ = {isa = PBXBuildFile; fileRef = F44634451216D06200CD3A2B /* Localizable.strings */; };
		F44634501216D08C00CD3A2B /* CookieHelper.m in Sources */ = {isa = PBXBuildFile; fileRef = F446344B1216D08C00CD3A2B /* CookieHelper.m */; };
		F44634511216D08C00CD3A2B /* CoreDataHelper.m in Sources */ = {isa = PBXBuildFile; fileRef = F446344D1216D08C00CD3A2B /* CoreDataHelper.m */; };
		F44634521216D08C00CD3A2B /* MLUtils.m in Sources */ = {isa = PBXBuildFile; fileRef = F446344F1216D08C00CD3A2B /* MLUtils.m */; };
		F44634571216D0AB00CD3A2B /* AccountDetailsView.m in Sources */ = {isa = PBXBuildFile; fileRef = F44634561216D0AB00CD3A2B /* AccountDetailsView.m */; };
		F446ED3B11A086E400FEAB69 /* BankAccount.m in Sources */ = {isa = PBXBuildFile; fileRef = F446ED3A11A086E400FEAB69 /* BankAccount.m */; };
		F451A95712E83E9C006CC41B /* LansforsakringarAccountParser.m in Sources */ = {isa = PBXBuildFile; fileRef = F451A95612E83E9C006CC41B /* LansforsakringarAccountParser.m */; };
		F4534C1D121813C000BF6D4A /* Icon-72.png in Resources */ = {isa = PBXBuildFile; fileRef = F4534C17121813C000BF6D4A /* Icon-72.png */; };
		F4534C1E121813C000BF6D4A /* Icon-Small-50.png in Resources */ = {isa = PBXBuildFile; fileRef = F4534C18121813C000BF6D4A /* Icon-Small-50.png */; };
		F4534C1F121813C000BF6D4A /* Icon-Small.png in Resources */ = {isa = PBXBuildFile; fileRef = F4534C19121813C000BF6D4A /* Icon-Small.png */; };
		F4534C20121813C000BF6D4A /* Icon-Small@2x.png in Resources */ = {isa = PBXBuildFile; fileRef = F4534C1A121813C000BF6D4A /* Icon-Small@2x.png */; };
		F4534C21121813C000BF6D4A /* Icon@2x.png in Resources */ = {isa = PBXBuildFile; fileRef = F4534C1B121813C000BF6D4A /* Icon@2x.png */; };
		F4534C22121813C000BF6D4A /* iTunesArtwork.png in Resources */ = {isa = PBXBuildFile; fileRef = F4534C1C121813C000BF6D4A /* iTunesArtwork.png */; };
		F4570F0F119ECFB10087DC1E /* SwedbankAccountParser.m in Sources */ = {isa = PBXBuildFile; fileRef = F4570F0E119ECFB10087DC1E /* SwedbankAccountParser.m */; };
		F45A466912ABE6F5009C214F /* AccountInfoTableView.m in Sources */ = {isa = PBXBuildFile; fileRef = F45A466812ABE6F5009C214F /* AccountInfoTableView.m */; };
		F46F8E1011AB04E600CE896C /* KeyLockViewController.m in Sources */ = {isa = PBXBuildFile; fileRef = F46F8E0E11AB04E600CE896C /* KeyLockViewController.m */; };
		F46F8E7811AB0B6F00CE896C /* BSKeyLock.m in Sources */ = {isa = PBXBuildFile; fileRef = F46F8E7711AB0B6F00CE896C /* BSKeyLock.m */; };
		F46F931011AF1D0600CE896C /* keylockbg.png in Resources */ = {isa = PBXBuildFile; fileRef = F46F930F11AF1D0600CE896C /* keylockbg.png */; };
		F47698B711A95F4B00340455 /* WebBankViewController.m in Sources */ = {isa = PBXBuildFile; fileRef = F47698B511A95F4B00340455 /* WebBankViewController.m */; };
		F476A8461184BC20008F84F9 /* SettingsView.m in Sources */ = {isa = PBXBuildFile; fileRef = F476A8441184BC20008F84F9 /* SettingsView.m */; };
		F47E72BB12620CE300D54C39 /* QuartzCore.framework in Frameworks */ = {isa = PBXBuildFile; fileRef = F47E72BA12620CE300D54C39 /* QuartzCore.framework */; };
		F48C7BDE126235FA0044B1BB /* KeyLockViewController.xib in Resources */ = {isa = PBXBuildFile; fileRef = F48C7BDD126235FA0044B1BB /* KeyLockViewController.xib */; };
		F49D59FB12ABF86000E2F4BD /* ASIDataCompressor.m in Sources */ = {isa = PBXBuildFile; fileRef = F49D59F812ABF86000E2F4BD /* ASIDataCompressor.m */; };
		F49D59FC12ABF86000E2F4BD /* ASIDataDecompressor.m in Sources */ = {isa = PBXBuildFile; fileRef = F49D59FA12ABF86000E2F4BD /* ASIDataDecompressor.m */; };
		F4ACBDE4127C3BBA0054F024 /* DebugTableView.xib in Resources */ = {isa = PBXBuildFile; fileRef = F4ACBDE3127C3BBA0054F024 /* DebugTableView.xib */; };
		F4ACBDE6127C3BD70054F024 /* DebugLogEntryView.xib in Resources */ = {isa = PBXBuildFile; fileRef = F4ACBDE5127C3BD70054F024 /* DebugLogEntryView.xib */; };
		F4ACBDE9127C3BF40054F024 /* SliderCell.m in Sources */ = {isa = PBXBuildFile; fileRef = F4ACBDE8127C3BF40054F024 /* SliderCell.m */; };
		F4ACBDEE127C3C070054F024 /* LogEntry.m in Sources */ = {isa = PBXBuildFile; fileRef = F4ACBDEB127C3C070054F024 /* LogEntry.m */; };
		F4ACBDEF127C3C070054F024 /* LogEntryClass.m in Sources */ = {isa = PBXBuildFile; fileRef = F4ACBDED127C3C070054F024 /* LogEntryClass.m */; };
		F4ACBDF8127C3C270054F024 /* DebugLogEntryViewController.m in Sources */ = {isa = PBXBuildFile; fileRef = F4ACBDF5127C3C270054F024 /* DebugLogEntryViewController.m */; };
		F4ACBDF9127C3C270054F024 /* DebugTableViewController.m in Sources */ = {isa = PBXBuildFile; fileRef = F4ACBDF7127C3C270054F024 /* DebugTableViewController.m */; };
		F4ACBF63127D95F30054F024 /* MessageUI.framework in Frameworks */ = {isa = PBXBuildFile; fileRef = F4ACBF62127D95F30054F024 /* MessageUI.framework */; };
		F4CD8CA212589706003C316D /* eye_black.png in Resources */ = {isa = PBXBuildFile; fileRef = F4CD8CA112589706003C316D /* eye_black.png */; };
		F4D08A3212D63E36005C2A3A /* LansforsakringarLogin.m in Sources */ = {isa = PBXBuildFile; fileRef = F4D08A3112D63E36005C2A3A /* LansforsakringarLogin.m */; };
		F4D08A3512D63ED5005C2A3A /* LansforsakringarLoginParser.m in Sources */ = {isa = PBXBuildFile; fileRef = F4D08A3412D63ED5005C2A3A /* LansforsakringarLoginParser.m */; };
		F4D9922B12465D9000F08F97 /* AccountSettings.m in Sources */ = {isa = PBXBuildFile; fileRef = F4D9922A12465D9000F08F97 /* AccountSettings.m */; };
		F4D9924312465FCE00F08F97 /* BankLoginBase.m in Sources */ = {isa = PBXBuildFile; fileRef = F4D9924212465FCE00F08F97 /* BankLoginBase.m */; };
		F4D994BC124E52DE00F08F97 /* eye.png in Resources */ = {isa = PBXBuildFile; fileRef = F4D994BB124E52DE00F08F97 /* eye.png */; };
		F4E440E811C37EFB00732800 /* NordeaAccountParser.m in Sources */ = {isa = PBXBuildFile; fileRef = F4E440E711C37EFB00732800 /* NordeaAccountParser.m */; };
		F4E4438B11C4F17400732800 /* AboutMittSaldoViewController.m in Sources */ = {isa = PBXBuildFile; fileRef = F4E4438911C4F17400732800 /* AboutMittSaldoViewController.m */; };
		F4E719CE11CC00CD005BD964 /* index.html in Resources */ = {isa = PBXBuildFile; fileRef = F4E719CD11CC00CD005BD964 /* index.html */; };
		F4E719D011CC00E9005BD964 /* backgroundStripes.png in Resources */ = {isa = PBXBuildFile; fileRef = F4E719CF11CC00E9005BD964 /* backgroundStripes.png */; };
		F4E719D311CC0108005BD964 /* main.css in Resources */ = {isa = PBXBuildFile; fileRef = F4E719D111CC0108005BD964 /* main.css */; };
		F4E719D411CC0108005BD964 /* main.js in Resources */ = {isa = PBXBuildFile; fileRef = F4E719D211CC0108005BD964 /* main.js */; };
		F4E719D611CC015D005BD964 /* parts.js in Resources */ = {isa = PBXBuildFile; fileRef = F4E719D511CC015D005BD964 /* parts.js */; };
		F4E71F8111CFDCD8005BD964 /* HandelsbankenAccountParser.m in Sources */ = {isa = PBXBuildFile; fileRef = F4E71F8011CFDCD8005BD964 /* HandelsbankenAccountParser.m */; };
		F4E71F8411CFDD9F005BD964 /* HandelsbankenLogin.m in Sources */ = {isa = PBXBuildFile; fileRef = F4E71F8311CFDD9F005BD964 /* HandelsbankenLogin.m */; };
		F4F26CAB11BD79D100E0A73B /* UISwitchCell.m in Sources */ = {isa = PBXBuildFile; fileRef = F4F26CAA11BD79D100E0A73B /* UISwitchCell.m */; };
		F4F26CF611BD7C7700E0A73B /* UITextInputCell.m in Sources */ = {isa = PBXBuildFile; fileRef = F4F26CF511BD7C7700E0A73B /* UITextInputCell.m */; };
		F4F43680125A624F004783D2 /* MainWindow-iPad.xib in Resources */ = {isa = PBXBuildFile; fileRef = F4F4367F125A624F004783D2 /* MainWindow-iPad.xib */; };
		F4F83C58127C192C00B537CC /* Swizzle.m in Sources */ = {isa = PBXBuildFile; fileRef = F4F83C57127C192C00B537CC /* Swizzle.m */; };
		F4F83C63127C1AD500B537CC /* MyMutableURLRequest.m in Sources */ = {isa = PBXBuildFile; fileRef = F4F83C62127C1AD500B537CC /* MyMutableURLRequest.m */; };
/* End PBXBuildFile section */

/* Begin PBXFileReference section */
		1D3623240D0F684500981E51 /* MittSaldoAppDelegate.h */ = {isa = PBXFileReference; fileEncoding = 4; lastKnownFileType = sourcecode.c.h; path = MittSaldoAppDelegate.h; sourceTree = "<group>"; };
		1D3623250D0F684500981E51 /* MittSaldoAppDelegate.m */ = {isa = PBXFileReference; fileEncoding = 4; lastKnownFileType = sourcecode.c.objc; path = MittSaldoAppDelegate.m; sourceTree = "<group>"; };
		1D6058910D05DD3D006BFB54 /* MittSaldo.app */ = {isa = PBXFileReference; explicitFileType = wrapper.application; includeInIndex = 0; path = MittSaldo.app; sourceTree = BUILT_PRODUCTS_DIR; };
		28A0AAE50D9B0CCF005BE974 /* MittSaldo_Prefix.pch */ = {isa = PBXFileReference; fileEncoding = 4; lastKnownFileType = sourcecode.c.h; path = MittSaldo_Prefix.pch; sourceTree = "<group>"; };
		28C286DF0D94DF7D0034E888 /* RootViewController.h */ = {isa = PBXFileReference; fileEncoding = 4; lastKnownFileType = sourcecode.c.h; path = RootViewController.h; sourceTree = "<group>"; };
		28C286E00D94DF7D0034E888 /* RootViewController.m */ = {isa = PBXFileReference; fileEncoding = 4; lastKnownFileType = sourcecode.c.objc; path = RootViewController.m; sourceTree = "<group>"; };
		29B97316FDCFA39411CA2CEA /* main.m */ = {isa = PBXFileReference; fileEncoding = 4; lastKnownFileType = sourcecode.c.objc; path = main.m; sourceTree = "<group>"; };
		6F29A29D11F226AA003652F3 /* WebViewUserAgent.h */ = {isa = PBXFileReference; fileEncoding = 4; lastKnownFileType = sourcecode.c.h; path = WebViewUserAgent.h; sourceTree = "<group>"; };
		6F29A29E11F226AA003652F3 /* WebViewUserAgent.m */ = {isa = PBXFileReference; fileEncoding = 4; lastKnownFileType = sourcecode.c.objc; path = WebViewUserAgent.m; sourceTree = "<group>"; };
		6F29A38411F35D9C003652F3 /* Reachability.h */ = {isa = PBXFileReference; fileEncoding = 4; lastKnownFileType = sourcecode.c.h; name = Reachability.h; path = Reachability/Reachability.h; sourceTree = "<group>"; };
		6F29A38511F35D9C003652F3 /* Reachability.m */ = {isa = PBXFileReference; fileEncoding = 4; lastKnownFileType = sourcecode.c.objc; name = Reachability.m; path = Reachability/Reachability.m; sourceTree = "<group>"; };
		6F29A3A711F35E3B003652F3 /* ASIAuthenticationDialog.h */ = {isa = PBXFileReference; fileEncoding = 4; lastKnownFileType = sourcecode.c.h; name = ASIAuthenticationDialog.h; path = ASIHTTPRequest/ASIAuthenticationDialog.h; sourceTree = "<group>"; };
		6F29A3A811F35E3B003652F3 /* ASIAuthenticationDialog.m */ = {isa = PBXFileReference; fileEncoding = 4; lastKnownFileType = sourcecode.c.objc; name = ASIAuthenticationDialog.m; path = ASIHTTPRequest/ASIAuthenticationDialog.m; sourceTree = "<group>"; };
		6F29A3A911F35E3B003652F3 /* ASICacheDelegate.h */ = {isa = PBXFileReference; fileEncoding = 4; lastKnownFileType = sourcecode.c.h; name = ASICacheDelegate.h; path = ASIHTTPRequest/ASICacheDelegate.h; sourceTree = "<group>"; };
		6F29A3AA11F35E3B003652F3 /* ASIDownloadCache.h */ = {isa = PBXFileReference; fileEncoding = 4; lastKnownFileType = sourcecode.c.h; name = ASIDownloadCache.h; path = ASIHTTPRequest/ASIDownloadCache.h; sourceTree = "<group>"; };
		6F29A3AB11F35E3B003652F3 /* ASIDownloadCache.m */ = {isa = PBXFileReference; fileEncoding = 4; lastKnownFileType = sourcecode.c.objc; name = ASIDownloadCache.m; path = ASIHTTPRequest/ASIDownloadCache.m; sourceTree = "<group>"; };
		6F29A3AC11F35E3B003652F3 /* ASIFormDataRequest.h */ = {isa = PBXFileReference; fileEncoding = 4; lastKnownFileType = sourcecode.c.h; name = ASIFormDataRequest.h; path = ASIHTTPRequest/ASIFormDataRequest.h; sourceTree = "<group>"; };
		6F29A3AD11F35E3B003652F3 /* ASIFormDataRequest.m */ = {isa = PBXFileReference; fileEncoding = 4; lastKnownFileType = sourcecode.c.objc; name = ASIFormDataRequest.m; path = ASIHTTPRequest/ASIFormDataRequest.m; sourceTree = "<group>"; };
		6F29A3AE11F35E3B003652F3 /* ASIHTTPRequest.h */ = {isa = PBXFileReference; fileEncoding = 4; lastKnownFileType = sourcecode.c.h; name = ASIHTTPRequest.h; path = ASIHTTPRequest/ASIHTTPRequest.h; sourceTree = "<group>"; };
		6F29A3AF11F35E3B003652F3 /* ASIHTTPRequest.m */ = {isa = PBXFileReference; fileEncoding = 4; lastKnownFileType = sourcecode.c.objc; name = ASIHTTPRequest.m; path = ASIHTTPRequest/ASIHTTPRequest.m; sourceTree = "<group>"; };
		6F29A3B011F35E3B003652F3 /* ASIHTTPRequestConfig.h */ = {isa = PBXFileReference; fileEncoding = 4; lastKnownFileType = sourcecode.c.h; name = ASIHTTPRequestConfig.h; path = ASIHTTPRequest/ASIHTTPRequestConfig.h; sourceTree = "<group>"; };
		6F29A3B111F35E3B003652F3 /* ASIHTTPRequestDelegate.h */ = {isa = PBXFileReference; fileEncoding = 4; lastKnownFileType = sourcecode.c.h; name = ASIHTTPRequestDelegate.h; path = ASIHTTPRequest/ASIHTTPRequestDelegate.h; sourceTree = "<group>"; };
		6F29A3B211F35E3B003652F3 /* ASIInputStream.h */ = {isa = PBXFileReference; fileEncoding = 4; lastKnownFileType = sourcecode.c.h; name = ASIInputStream.h; path = ASIHTTPRequest/ASIInputStream.h; sourceTree = "<group>"; };
		6F29A3B311F35E3B003652F3 /* ASIInputStream.m */ = {isa = PBXFileReference; fileEncoding = 4; lastKnownFileType = sourcecode.c.objc; name = ASIInputStream.m; path = ASIHTTPRequest/ASIInputStream.m; sourceTree = "<group>"; };
		6F29A3B411F35E3B003652F3 /* ASINetworkQueue.h */ = {isa = PBXFileReference; fileEncoding = 4; lastKnownFileType = sourcecode.c.h; name = ASINetworkQueue.h; path = ASIHTTPRequest/ASINetworkQueue.h; sourceTree = "<group>"; };
		6F29A3B511F35E3B003652F3 /* ASINetworkQueue.m */ = {isa = PBXFileReference; fileEncoding = 4; lastKnownFileType = sourcecode.c.objc; name = ASINetworkQueue.m; path = ASIHTTPRequest/ASINetworkQueue.m; sourceTree = "<group>"; };
		6F29A3B611F35E3B003652F3 /* ASIProgressDelegate.h */ = {isa = PBXFileReference; fileEncoding = 4; lastKnownFileType = sourcecode.c.h; name = ASIProgressDelegate.h; path = ASIHTTPRequest/ASIProgressDelegate.h; sourceTree = "<group>"; };
		6F29A45011F363D8003652F3 /* HandelsbankenMenuParser.h */ = {isa = PBXFileReference; fileEncoding = 4; lastKnownFileType = sourcecode.c.h; path = HandelsbankenMenuParser.h; sourceTree = "<group>"; };
		6F29A45111F363D8003652F3 /* HandelsbankenMenuParser.m */ = {isa = PBXFileReference; fileEncoding = 4; lastKnownFileType = sourcecode.c.objc; path = HandelsbankenMenuParser.m; sourceTree = "<group>"; };
		6F29A5E111FB2A67003652F3 /* MittSaldoSettings.h */ = {isa = PBXFileReference; fileEncoding = 4; lastKnownFileType = sourcecode.c.h; path = MittSaldoSettings.h; sourceTree = "<group>"; };
		6F29A5E211FB2A67003652F3 /* MittSaldoSettings.m */ = {isa = PBXFileReference; fileEncoding = 4; lastKnownFileType = sourcecode.c.objc; path = MittSaldoSettings.m; sourceTree = "<group>"; };
		6FFDD0FD1201EC6F00265D4B /* ICABankenLogin.h */ = {isa = PBXFileReference; fileEncoding = 4; lastKnownFileType = sourcecode.c.h; path = ICABankenLogin.h; sourceTree = "<group>"; };
		6FFDD0FE1201EC6F00265D4B /* ICABankenLogin.m */ = {isa = PBXFileReference; fileEncoding = 4; lastKnownFileType = sourcecode.c.objc; path = ICABankenLogin.m; sourceTree = "<group>"; };
		6FFDD1001201EC8200265D4B /* ICABankenAccountParser.h */ = {isa = PBXFileReference; fileEncoding = 4; lastKnownFileType = sourcecode.c.h; path = ICABankenAccountParser.h; sourceTree = "<group>"; };
		6FFDD1011201EC8200265D4B /* ICABankenAccountParser.m */ = {isa = PBXFileReference; fileEncoding = 4; lastKnownFileType = sourcecode.c.objc; path = ICABankenAccountParser.m; sourceTree = "<group>"; };
		6FFDD14C1201F15E00265D4B /* BSSettingsTextField.h */ = {isa = PBXFileReference; fileEncoding = 4; lastKnownFileType = sourcecode.c.h; path = BSSettingsTextField.h; sourceTree = "<group>"; };
		6FFDD14D1201F15E00265D4B /* BSSettingsTextField.m */ = {isa = PBXFileReference; fileEncoding = 4; lastKnownFileType = sourcecode.c.objc; path = BSSettingsTextField.m; sourceTree = "<group>"; };
		6FFDD1A11201FA1500265D4B /* ICABankenLoginParser.h */ = {isa = PBXFileReference; fileEncoding = 4; lastKnownFileType = sourcecode.c.h; path = ICABankenLoginParser.h; sourceTree = "<group>"; };
		6FFDD1A21201FA1500265D4B /* ICABankenLoginParser.m */ = {isa = PBXFileReference; fileEncoding = 4; lastKnownFileType = sourcecode.c.objc; path = ICABankenLoginParser.m; sourceTree = "<group>"; };
		8D1107310486CEB800E47090 /* MittSaldo-Info.plist */ = {isa = PBXFileReference; fileEncoding = 4; lastKnownFileType = text.plist.xml; path = "MittSaldo-Info.plist"; plistStructureDefinitionIdentifier = "com.apple.xcode.plist.structure-definition.iphone.info-plist"; sourceTree = "<group>"; };
		F4052EEA1306C1E2005AAC54 /* SEBLogin.h */ = {isa = PBXFileReference; fileEncoding = 4; lastKnownFileType = sourcecode.c.h; path = SEBLogin.h; sourceTree = "<group>"; };
		F4052EEB1306C1E2005AAC54 /* SEBLogin.m */ = {isa = PBXFileReference; fileEncoding = 4; lastKnownFileType = sourcecode.c.objc; path = SEBLogin.m; sourceTree = "<group>"; };
		F4052EED1306C420005AAC54 /* BankLoginFactory.h */ = {isa = PBXFileReference; fileEncoding = 4; lastKnownFileType = sourcecode.c.h; path = BankLoginFactory.h; sourceTree = "<group>"; };
		F4052EEE1306C426005AAC54 /* BankLoginFactory.m */ = {isa = PBXFileReference; fileEncoding = 4; lastKnownFileType = sourcecode.c.objc; path = BankLoginFactory.m; sourceTree = "<group>"; };
		F4052EF013116C33005AAC54 /* SEBAccountParser.h */ = {isa = PBXFileReference; fileEncoding = 4; lastKnownFileType = sourcecode.c.h; path = SEBAccountParser.h; sourceTree = "<group>"; };
		F4052EF113116C33005AAC54 /* SEBAccountParser.m */ = {isa = PBXFileReference; fileEncoding = 4; lastKnownFileType = sourcecode.c.objc; path = SEBAccountParser.m; sourceTree = "<group>"; };
		F41DF628127F5B4100C57927 /* MittSaldo 2.xcdatamodel */ = {isa = PBXFileReference; fileEncoding = 4; lastKnownFileType = wrapper.xcdatamodel; path = "MittSaldo 2.xcdatamodel"; sourceTree = "<group>"; };
		F41DF629127F5B4100C57927 /* MittSaldo.xcdatamodel */ = {isa = PBXFileReference; fileEncoding = 4; lastKnownFileType = wrapper.xcdatamodel; path = MittSaldo.xcdatamodel; sourceTree = "<group>"; };
		F439AB85118D900D00AF52C0 /* LoginParser.h */ = {isa = PBXFileReference; fileEncoding = 4; lastKnownFileType = sourcecode.c.h; path = LoginParser.h; sourceTree = "<group>"; };
		F439AB86118D900D00AF52C0 /* LoginParser.m */ = {isa = PBXFileReference; fileEncoding = 4; lastKnownFileType = sourcecode.c.objc; path = LoginParser.m; sourceTree = "<group>"; };
		F439AD77119C06B400AF52C0 /* AccountUpdater.h */ = {isa = PBXFileReference; fileEncoding = 4; lastKnownFileType = sourcecode.c.h; path = AccountUpdater.h; sourceTree = "<group>"; };
		F439AD78119C06B400AF52C0 /* AccountUpdater.m */ = {isa = PBXFileReference; fileEncoding = 4; lastKnownFileType = sourcecode.c.objc; path = AccountUpdater.m; sourceTree = "<group>"; };
		F439AD91119C0E3F00AF52C0 /* Settings.bundle */ = {isa = PBXFileReference; lastKnownFileType = "wrapper.plug-in"; path = Settings.bundle; sourceTree = "<group>"; };
		F4463147120EC04F00CD3A2B /* libz.1.2.3.dylib */ = {isa = PBXFileReference; lastKnownFileType = "compiled.mach-o.dylib"; name = libz.1.2.3.dylib; path = usr/lib/libz.1.2.3.dylib; sourceTree = SDKROOT; };
		F4463149120EC05900CD3A2B /* MobileCoreServices.framework */ = {isa = PBXFileReference; lastKnownFileType = wrapper.framework; name = MobileCoreServices.framework; path = System/Library/Frameworks/MobileCoreServices.framework; sourceTree = SDKROOT; };
		F446314D120EC06200CD3A2B /* CFNetwork.framework */ = {isa = PBXFileReference; lastKnownFileType = wrapper.framework; name = CFNetwork.framework; path = System/Library/Frameworks/CFNetwork.framework; sourceTree = SDKROOT; };
		F4463151120EC06800CD3A2B /* SystemConfiguration.framework */ = {isa = PBXFileReference; lastKnownFileType = wrapper.framework; name = SystemConfiguration.framework; path = System/Library/Frameworks/SystemConfiguration.framework; sourceTree = SDKROOT; };
		F4463155120EC06E00CD3A2B /* UIKit.framework */ = {isa = PBXFileReference; lastKnownFileType = wrapper.framework; name = UIKit.framework; path = System/Library/Frameworks/UIKit.framework; sourceTree = SDKROOT; };
		F4463159120EC07500CD3A2B /* Foundation.framework */ = {isa = PBXFileReference; lastKnownFileType = wrapper.framework; name = Foundation.framework; path = System/Library/Frameworks/Foundation.framework; sourceTree = SDKROOT; };
		F446315D120EC07B00CD3A2B /* CoreGraphics.framework */ = {isa = PBXFileReference; lastKnownFileType = wrapper.framework; name = CoreGraphics.framework; path = System/Library/Frameworks/CoreGraphics.framework; sourceTree = SDKROOT; };
		F4463161120EC08000CD3A2B /* CoreData.framework */ = {isa = PBXFileReference; lastKnownFileType = wrapper.framework; name = CoreData.framework; path = System/Library/Frameworks/CoreData.framework; sourceTree = SDKROOT; };
		F4463176120EC10800CD3A2B /* AccountParser.h */ = {isa = PBXFileReference; fileEncoding = 4; lastKnownFileType = sourcecode.c.h; path = AccountParser.h; sourceTree = "<group>"; };
		F44633151216BB5B00CD3A2B /* 84-lightbulb.png */ = {isa = PBXFileReference; lastKnownFileType = image.png; name = "84-lightbulb.png"; path = "images/84-lightbulb.png"; sourceTree = "<group>"; };
		F44633161216BB5B00CD3A2B /* Icon.png */ = {isa = PBXFileReference; lastKnownFileType = image.png; name = Icon.png; path = images/Icon.png; sourceTree = "<group>"; };
		F44633191216BB7300CD3A2B /* 20-gear2.png */ = {isa = PBXFileReference; lastKnownFileType = image.png; name = "20-gear2.png"; path = "images/20-gear2.png"; sourceTree = "<group>"; };
		F446331A1216BB7300CD3A2B /* 32-iphone.png */ = {isa = PBXFileReference; lastKnownFileType = image.png; name = "32-iphone.png"; path = "images/32-iphone.png"; sourceTree = "<group>"; };
		F446331B1216BB7300CD3A2B /* 54-lock-white.png */ = {isa = PBXFileReference; lastKnownFileType = image.png; name = "54-lock-white.png"; path = "images/54-lock-white.png"; sourceTree = "<group>"; };
		F446331C1216BB7300CD3A2B /* 119-piggybank.png */ = {isa = PBXFileReference; lastKnownFileType = image.png; name = "119-piggybank.png"; path = "images/119-piggybank.png"; sourceTree = "<group>"; };
		F446335E1216BDE200CD3A2B /* BSKeyboardAwareTableView.h */ = {isa = PBXFileReference; fileEncoding = 4; lastKnownFileType = sourcecode.c.h; path = BSKeyboardAwareTableView.h; sourceTree = "<group>"; };
		F446335F1216BDE200CD3A2B /* BSKeyboardAwareTableView.m */ = {isa = PBXFileReference; fileEncoding = 4; lastKnownFileType = sourcecode.c.objc; path = BSKeyboardAwareTableView.m; sourceTree = "<group>"; };
		F44634351216D03F00CD3A2B /* AboutMittSaldo.xib */ = {isa = PBXFileReference; lastKnownFileType = file.xib; name = AboutMittSaldo.xib; path = xib/AboutMittSaldo.xib; sourceTree = "<group>"; };
		F44634361216D03F00CD3A2B /* AccountDetailsView.xib */ = {isa = PBXFileReference; lastKnownFileType = file.xib; name = AccountDetailsView.xib; path = xib/AccountDetailsView.xib; sourceTree = "<group>"; };
		F44634381216D03F00CD3A2B /* MainView.xib */ = {isa = PBXFileReference; lastKnownFileType = file.xib; name = MainView.xib; path = xib/MainView.xib; sourceTree = "<group>"; };
		F44634391216D03F00CD3A2B /* MainWindow.xib */ = {isa = PBXFileReference; lastKnownFileType = file.xib; name = MainWindow.xib; path = xib/MainWindow.xib; sourceTree = "<group>"; };
		F446343A1216D03F00CD3A2B /* RootViewController.xib */ = {isa = PBXFileReference; lastKnownFileType = file.xib; name = RootViewController.xib; path = xib/RootViewController.xib; sourceTree = "<group>"; };
		F446343B1216D03F00CD3A2B /* SettingsView.xib */ = {isa = PBXFileReference; lastKnownFileType = file.xib; name = SettingsView.xib; path = xib/SettingsView.xib; sourceTree = "<group>"; };
		F446343C1216D03F00CD3A2B /* WebBankViewController.xib */ = {isa = PBXFileReference; lastKnownFileType = file.xib; name = WebBankViewController.xib; path = xib/WebBankViewController.xib; sourceTree = "<group>"; };
		F44634461216D06200CD3A2B /* sv */ = {isa = PBXFileReference; fileEncoding = 4; lastKnownFileType = text.plist.strings; name = sv; path = sv.lproj/Localizable.strings; sourceTree = "<group>"; };
		F446344A1216D08C00CD3A2B /* CookieHelper.h */ = {isa = PBXFileReference; fileEncoding = 4; lastKnownFileType = sourcecode.c.h; name = CookieHelper.h; path = Classes/CookieHelper.h; sourceTree = "<group>"; };
		F446344B1216D08C00CD3A2B /* CookieHelper.m */ = {isa = PBXFileReference; fileEncoding = 4; lastKnownFileType = sourcecode.c.objc; name = CookieHelper.m; path = Classes/CookieHelper.m; sourceTree = "<group>"; };
		F446344C1216D08C00CD3A2B /* CoreDataHelper.h */ = {isa = PBXFileReference; fileEncoding = 4; lastKnownFileType = sourcecode.c.h; name = CoreDataHelper.h; path = Classes/CoreDataHelper.h; sourceTree = "<group>"; };
		F446344D1216D08C00CD3A2B /* CoreDataHelper.m */ = {isa = PBXFileReference; fileEncoding = 4; lastKnownFileType = sourcecode.c.objc; name = CoreDataHelper.m; path = Classes/CoreDataHelper.m; sourceTree = "<group>"; };
		F446344E1216D08C00CD3A2B /* MLUtils.h */ = {isa = PBXFileReference; fileEncoding = 4; lastKnownFileType = sourcecode.c.h; name = MLUtils.h; path = Classes/MLUtils.h; sourceTree = "<group>"; };
		F446344F1216D08C00CD3A2B /* MLUtils.m */ = {isa = PBXFileReference; fileEncoding = 4; lastKnownFileType = sourcecode.c.objc; name = MLUtils.m; path = Classes/MLUtils.m; sourceTree = "<group>"; };
		F44634551216D0AB00CD3A2B /* AccountDetailsView.h */ = {isa = PBXFileReference; fileEncoding = 4; lastKnownFileType = sourcecode.c.h; path = AccountDetailsView.h; sourceTree = "<group>"; };
		F44634561216D0AB00CD3A2B /* AccountDetailsView.m */ = {isa = PBXFileReference; fileEncoding = 4; lastKnownFileType = sourcecode.c.objc; path = AccountDetailsView.m; sourceTree = "<group>"; };
		F446ED3911A086E400FEAB69 /* BankAccount.h */ = {isa = PBXFileReference; fileEncoding = 4; lastKnownFileType = sourcecode.c.h; path = BankAccount.h; sourceTree = "<group>"; };
		F446ED3A11A086E400FEAB69 /* BankAccount.m */ = {isa = PBXFileReference; fileEncoding = 4; lastKnownFileType = sourcecode.c.objc; path = BankAccount.m; sourceTree = "<group>"; };
		F451A95512E83E9C006CC41B /* LansforsakringarAccountParser.h */ = {isa = PBXFileReference; fileEncoding = 4; lastKnownFileType = sourcecode.c.h; path = LansforsakringarAccountParser.h; sourceTree = "<group>"; };
		F451A95612E83E9C006CC41B /* LansforsakringarAccountParser.m */ = {isa = PBXFileReference; fileEncoding = 4; lastKnownFileType = sourcecode.c.objc; path = LansforsakringarAccountParser.m; sourceTree = "<group>"; };
		F4534C17121813C000BF6D4A /* Icon-72.png */ = {isa = PBXFileReference; lastKnownFileType = image.png; name = "Icon-72.png"; path = "images/Icon-72.png"; sourceTree = "<group>"; };
		F4534C18121813C000BF6D4A /* Icon-Small-50.png */ = {isa = PBXFileReference; lastKnownFileType = image.png; name = "Icon-Small-50.png"; path = "images/Icon-Small-50.png"; sourceTree = "<group>"; };
		F4534C19121813C000BF6D4A /* Icon-Small.png */ = {isa = PBXFileReference; lastKnownFileType = image.png; name = "Icon-Small.png"; path = "images/Icon-Small.png"; sourceTree = "<group>"; };
		F4534C1A121813C000BF6D4A /* Icon-Small@2x.png */ = {isa = PBXFileReference; lastKnownFileType = image.png; name = "Icon-Small@2x.png"; path = "images/Icon-Small@2x.png"; sourceTree = "<group>"; };
		F4534C1B121813C000BF6D4A /* Icon@2x.png */ = {isa = PBXFileReference; lastKnownFileType = image.png; name = "Icon@2x.png"; path = "images/Icon@2x.png"; sourceTree = "<group>"; };
		F4534C1C121813C000BF6D4A /* iTunesArtwork.png */ = {isa = PBXFileReference; lastKnownFileType = image.png; name = iTunesArtwork.png; path = images/iTunesArtwork.png; sourceTree = "<group>"; };
		F4570F0D119ECFB10087DC1E /* SwedbankAccountParser.h */ = {isa = PBXFileReference; fileEncoding = 4; lastKnownFileType = sourcecode.c.h; path = SwedbankAccountParser.h; sourceTree = "<group>"; };
		F4570F0E119ECFB10087DC1E /* SwedbankAccountParser.m */ = {isa = PBXFileReference; fileEncoding = 4; lastKnownFileType = sourcecode.c.objc; path = SwedbankAccountParser.m; sourceTree = "<group>"; };
		F45A466712ABE6F5009C214F /* AccountInfoTableView.h */ = {isa = PBXFileReference; fileEncoding = 4; lastKnownFileType = sourcecode.c.h; path = AccountInfoTableView.h; sourceTree = "<group>"; };
		F45A466812ABE6F5009C214F /* AccountInfoTableView.m */ = {isa = PBXFileReference; fileEncoding = 4; lastKnownFileType = sourcecode.c.objc; path = AccountInfoTableView.m; sourceTree = "<group>"; };
		F46F8E0D11AB04E600CE896C /* KeyLockViewController.h */ = {isa = PBXFileReference; fileEncoding = 4; lastKnownFileType = sourcecode.c.h; path = KeyLockViewController.h; sourceTree = "<group>"; };
		F46F8E0E11AB04E600CE896C /* KeyLockViewController.m */ = {isa = PBXFileReference; fileEncoding = 4; lastKnownFileType = sourcecode.c.objc; path = KeyLockViewController.m; sourceTree = "<group>"; };
		F46F8E7611AB0B6F00CE896C /* BSKeyLock.h */ = {isa = PBXFileReference; fileEncoding = 4; lastKnownFileType = sourcecode.c.h; path = BSKeyLock.h; sourceTree = "<group>"; };
		F46F8E7711AB0B6F00CE896C /* BSKeyLock.m */ = {isa = PBXFileReference; fileEncoding = 4; lastKnownFileType = sourcecode.c.objc; path = BSKeyLock.m; sourceTree = "<group>"; };
		F46F930F11AF1D0600CE896C /* keylockbg.png */ = {isa = PBXFileReference; lastKnownFileType = image.png; path = keylockbg.png; sourceTree = "<group>"; };
		F47698B411A95F4B00340455 /* WebBankViewController.h */ = {isa = PBXFileReference; fileEncoding = 4; lastKnownFileType = sourcecode.c.h; path = WebBankViewController.h; sourceTree = "<group>"; };
		F47698B511A95F4B00340455 /* WebBankViewController.m */ = {isa = PBXFileReference; fileEncoding = 4; lastKnownFileType = sourcecode.c.objc; path = WebBankViewController.m; sourceTree = "<group>"; };
		F476A8431184BC20008F84F9 /* SettingsView.h */ = {isa = PBXFileReference; fileEncoding = 4; lastKnownFileType = sourcecode.c.h; path = SettingsView.h; sourceTree = "<group>"; };
		F476A8441184BC20008F84F9 /* SettingsView.m */ = {isa = PBXFileReference; fileEncoding = 4; lastKnownFileType = sourcecode.c.objc; path = SettingsView.m; sourceTree = "<group>"; };
		F47E72BA12620CE300D54C39 /* QuartzCore.framework */ = {isa = PBXFileReference; lastKnownFileType = wrapper.framework; name = QuartzCore.framework; path = System/Library/Frameworks/QuartzCore.framework; sourceTree = SDKROOT; };
		F48C7BDD126235FA0044B1BB /* KeyLockViewController.xib */ = {isa = PBXFileReference; lastKnownFileType = file.xib; name = KeyLockViewController.xib; path = xib/KeyLockViewController.xib; sourceTree = "<group>"; };
		F49D59F712ABF86000E2F4BD /* ASIDataCompressor.h */ = {isa = PBXFileReference; fileEncoding = 4; lastKnownFileType = sourcecode.c.h; name = ASIDataCompressor.h; path = ASIHTTPRequest/ASIDataCompressor.h; sourceTree = "<group>"; };
		F49D59F812ABF86000E2F4BD /* ASIDataCompressor.m */ = {isa = PBXFileReference; fileEncoding = 4; lastKnownFileType = sourcecode.c.objc; name = ASIDataCompressor.m; path = ASIHTTPRequest/ASIDataCompressor.m; sourceTree = "<group>"; };
		F49D59F912ABF86000E2F4BD /* ASIDataDecompressor.h */ = {isa = PBXFileReference; fileEncoding = 4; lastKnownFileType = sourcecode.c.h; name = ASIDataDecompressor.h; path = ASIHTTPRequest/ASIDataDecompressor.h; sourceTree = "<group>"; };
		F49D59FA12ABF86000E2F4BD /* ASIDataDecompressor.m */ = {isa = PBXFileReference; fileEncoding = 4; lastKnownFileType = sourcecode.c.objc; name = ASIDataDecompressor.m; path = ASIHTTPRequest/ASIDataDecompressor.m; sourceTree = "<group>"; };
		F4ACBDE3127C3BBA0054F024 /* DebugTableView.xib */ = {isa = PBXFileReference; lastKnownFileType = file.xib; name = DebugTableView.xib; path = xib/DebugTableView.xib; sourceTree = "<group>"; };
		F4ACBDE5127C3BD70054F024 /* DebugLogEntryView.xib */ = {isa = PBXFileReference; lastKnownFileType = file.xib; name = DebugLogEntryView.xib; path = xib/DebugLogEntryView.xib; sourceTree = "<group>"; };
		F4ACBDE7127C3BF40054F024 /* SliderCell.h */ = {isa = PBXFileReference; fileEncoding = 4; lastKnownFileType = sourcecode.c.h; path = SliderCell.h; sourceTree = "<group>"; };
		F4ACBDE8127C3BF40054F024 /* SliderCell.m */ = {isa = PBXFileReference; fileEncoding = 4; lastKnownFileType = sourcecode.c.objc; path = SliderCell.m; sourceTree = "<group>"; };
		F4ACBDEA127C3C070054F024 /* LogEntry.h */ = {isa = PBXFileReference; fileEncoding = 4; lastKnownFileType = sourcecode.c.h; path = LogEntry.h; sourceTree = "<group>"; };
		F4ACBDEB127C3C070054F024 /* LogEntry.m */ = {isa = PBXFileReference; fileEncoding = 4; lastKnownFileType = sourcecode.c.objc; path = LogEntry.m; sourceTree = "<group>"; };
		F4ACBDEC127C3C070054F024 /* LogEntryClass.h */ = {isa = PBXFileReference; fileEncoding = 4; lastKnownFileType = sourcecode.c.h; path = LogEntryClass.h; sourceTree = "<group>"; };
		F4ACBDED127C3C070054F024 /* LogEntryClass.m */ = {isa = PBXFileReference; fileEncoding = 4; lastKnownFileType = sourcecode.c.objc; path = LogEntryClass.m; sourceTree = "<group>"; };
		F4ACBDF4127C3C270054F024 /* DebugLogEntryViewController.h */ = {isa = PBXFileReference; fileEncoding = 4; lastKnownFileType = sourcecode.c.h; path = DebugLogEntryViewController.h; sourceTree = "<group>"; };
		F4ACBDF5127C3C270054F024 /* DebugLogEntryViewController.m */ = {isa = PBXFileReference; fileEncoding = 4; lastKnownFileType = sourcecode.c.objc; path = DebugLogEntryViewController.m; sourceTree = "<group>"; };
		F4ACBDF6127C3C270054F024 /* DebugTableViewController.h */ = {isa = PBXFileReference; fileEncoding = 4; lastKnownFileType = sourcecode.c.h; path = DebugTableViewController.h; sourceTree = "<group>"; };
		F4ACBDF7127C3C270054F024 /* DebugTableViewController.m */ = {isa = PBXFileReference; fileEncoding = 4; lastKnownFileType = sourcecode.c.objc; path = DebugTableViewController.m; sourceTree = "<group>"; };
		F4ACBF62127D95F30054F024 /* MessageUI.framework */ = {isa = PBXFileReference; lastKnownFileType = wrapper.framework; name = MessageUI.framework; path = System/Library/Frameworks/MessageUI.framework; sourceTree = SDKROOT; };
		F4CD8CA112589706003C316D /* eye_black.png */ = {isa = PBXFileReference; lastKnownFileType = image.png; name = eye_black.png; path = images/eye_black.png; sourceTree = "<group>"; };
		F4D08A3012D63E36005C2A3A /* LansforsakringarLogin.h */ = {isa = PBXFileReference; fileEncoding = 4; lastKnownFileType = sourcecode.c.h; path = LansforsakringarLogin.h; sourceTree = "<group>"; };
		F4D08A3112D63E36005C2A3A /* LansforsakringarLogin.m */ = {isa = PBXFileReference; fileEncoding = 4; lastKnownFileType = sourcecode.c.objc; path = LansforsakringarLogin.m; sourceTree = "<group>"; };
		F4D08A3312D63ED5005C2A3A /* LansforsakringarLoginParser.h */ = {isa = PBXFileReference; fileEncoding = 4; lastKnownFileType = sourcecode.c.h; path = LansforsakringarLoginParser.h; sourceTree = "<group>"; };
		F4D08A3412D63ED5005C2A3A /* LansforsakringarLoginParser.m */ = {isa = PBXFileReference; fileEncoding = 4; lastKnownFileType = sourcecode.c.objc; path = LansforsakringarLoginParser.m; sourceTree = "<group>"; };
		F4D9922912465D9000F08F97 /* AccountSettings.h */ = {isa = PBXFileReference; fileEncoding = 4; lastKnownFileType = sourcecode.c.h; path = AccountSettings.h; sourceTree = "<group>"; };
		F4D9922A12465D9000F08F97 /* AccountSettings.m */ = {isa = PBXFileReference; fileEncoding = 4; lastKnownFileType = sourcecode.c.objc; path = AccountSettings.m; sourceTree = "<group>"; };
		F4D9924112465FCE00F08F97 /* BankLoginBase.h */ = {isa = PBXFileReference; fileEncoding = 4; lastKnownFileType = sourcecode.c.h; path = BankLoginBase.h; sourceTree = "<group>"; };
		F4D9924212465FCE00F08F97 /* BankLoginBase.m */ = {isa = PBXFileReference; fileEncoding = 4; lastKnownFileType = sourcecode.c.objc; path = BankLoginBase.m; sourceTree = "<group>"; };
		F4D994BB124E52DE00F08F97 /* eye.png */ = {isa = PBXFileReference; lastKnownFileType = image.png; name = eye.png; path = images/eye.png; sourceTree = "<group>"; };
		F4E440E611C37EFB00732800 /* NordeaAccountParser.h */ = {isa = PBXFileReference; fileEncoding = 4; lastKnownFileType = sourcecode.c.h; path = NordeaAccountParser.h; sourceTree = "<group>"; };
		F4E440E711C37EFB00732800 /* NordeaAccountParser.m */ = {isa = PBXFileReference; fileEncoding = 4; lastKnownFileType = sourcecode.c.objc; path = NordeaAccountParser.m; sourceTree = "<group>"; };
		F4E4438811C4F17400732800 /* AboutMittSaldoViewController.h */ = {isa = PBXFileReference; fileEncoding = 4; lastKnownFileType = sourcecode.c.h; path = AboutMittSaldoViewController.h; sourceTree = "<group>"; };
		F4E4438911C4F17400732800 /* AboutMittSaldoViewController.m */ = {isa = PBXFileReference; fileEncoding = 4; lastKnownFileType = sourcecode.c.objc; path = AboutMittSaldoViewController.m; sourceTree = "<group>"; };
		F4E719CD11CC00CD005BD964 /* index.html */ = {isa = PBXFileReference; fileEncoding = 4; lastKnownFileType = text.html; name = index.html; path = HTMLInfo/index.html; sourceTree = "<group>"; };
		F4E719CF11CC00E9005BD964 /* backgroundStripes.png */ = {isa = PBXFileReference; lastKnownFileType = image.png; name = backgroundStripes.png; path = HTMLInfo/Images/backgroundStripes.png; sourceTree = "<group>"; };
		F4E719D111CC0108005BD964 /* main.css */ = {isa = PBXFileReference; fileEncoding = 4; lastKnownFileType = text.css; name = main.css; path = HTMLInfo/mobile/main.css; sourceTree = "<group>"; };
		F4E719D211CC0108005BD964 /* main.js */ = {isa = PBXFileReference; fileEncoding = 4; lastKnownFileType = sourcecode.javascript; name = main.js; path = HTMLInfo/mobile/main.js; sourceTree = "<group>"; };
		F4E719D511CC015D005BD964 /* parts.js */ = {isa = PBXFileReference; fileEncoding = 4; lastKnownFileType = sourcecode.javascript; name = parts.js; path = HTMLInfo/mobile/Parts/parts.js; sourceTree = "<group>"; };
		F4E71F7F11CFDCD8005BD964 /* HandelsbankenAccountParser.h */ = {isa = PBXFileReference; fileEncoding = 4; lastKnownFileType = sourcecode.c.h; path = HandelsbankenAccountParser.h; sourceTree = "<group>"; };
		F4E71F8011CFDCD8005BD964 /* HandelsbankenAccountParser.m */ = {isa = PBXFileReference; fileEncoding = 4; lastKnownFileType = sourcecode.c.objc; path = HandelsbankenAccountParser.m; sourceTree = "<group>"; };
		F4E71F8211CFDD9F005BD964 /* HandelsbankenLogin.h */ = {isa = PBXFileReference; fileEncoding = 4; lastKnownFileType = sourcecode.c.h; path = HandelsbankenLogin.h; sourceTree = "<group>"; };
		F4E71F8311CFDD9F005BD964 /* HandelsbankenLogin.m */ = {isa = PBXFileReference; fileEncoding = 4; lastKnownFileType = sourcecode.c.objc; path = HandelsbankenLogin.m; sourceTree = "<group>"; };
		F4E71F8511CFDE2C005BD964 /* BankLogin.h */ = {isa = PBXFileReference; fileEncoding = 4; lastKnownFileType = sourcecode.c.h; path = BankLogin.h; sourceTree = "<group>"; };
		F4F26CA911BD79D100E0A73B /* UISwitchCell.h */ = {isa = PBXFileReference; fileEncoding = 4; lastKnownFileType = sourcecode.c.h; path = UISwitchCell.h; sourceTree = "<group>"; };
		F4F26CAA11BD79D100E0A73B /* UISwitchCell.m */ = {isa = PBXFileReference; fileEncoding = 4; lastKnownFileType = sourcecode.c.objc; path = UISwitchCell.m; sourceTree = "<group>"; };
		F4F26CF411BD7C7700E0A73B /* UITextInputCell.h */ = {isa = PBXFileReference; fileEncoding = 4; lastKnownFileType = sourcecode.c.h; path = UITextInputCell.h; sourceTree = "<group>"; };
		F4F26CF511BD7C7700E0A73B /* UITextInputCell.m */ = {isa = PBXFileReference; fileEncoding = 4; lastKnownFileType = sourcecode.c.objc; path = UITextInputCell.m; sourceTree = "<group>"; };
		F4F4367F125A624F004783D2 /* MainWindow-iPad.xib */ = {isa = PBXFileReference; lastKnownFileType = file.xib; name = "MainWindow-iPad.xib"; path = "Resources-iPad/xib/MainWindow-iPad.xib"; sourceTree = "<group>"; };
		F4F83C56127C192C00B537CC /* Swizzle.h */ = {isa = PBXFileReference; fileEncoding = 4; lastKnownFileType = sourcecode.c.h; path = Swizzle.h; sourceTree = "<group>"; };
		F4F83C57127C192C00B537CC /* Swizzle.m */ = {isa = PBXFileReference; fileEncoding = 4; lastKnownFileType = sourcecode.c.objc; path = Swizzle.m; sourceTree = "<group>"; };
		F4F83C61127C1AD500B537CC /* MyMutableURLRequest.h */ = {isa = PBXFileReference; fileEncoding = 4; lastKnownFileType = sourcecode.c.h; path = MyMutableURLRequest.h; sourceTree = "<group>"; };
		F4F83C62127C1AD500B537CC /* MyMutableURLRequest.m */ = {isa = PBXFileReference; fileEncoding = 4; lastKnownFileType = sourcecode.c.objc; path = MyMutableURLRequest.m; sourceTree = "<group>"; };
/* End PBXFileReference section */

/* Begin PBXFrameworksBuildPhase section */
		1D60588F0D05DD3D006BFB54 /* Frameworks */ = {
			isa = PBXFrameworksBuildPhase;
			buildActionMask = 2147483647;
			files = (
				F4463148120EC04F00CD3A2B /* libz.1.2.3.dylib in Frameworks */,
				F446314A120EC05900CD3A2B /* MobileCoreServices.framework in Frameworks */,
				F446314E120EC06200CD3A2B /* CFNetwork.framework in Frameworks */,
				F4463152120EC06800CD3A2B /* SystemConfiguration.framework in Frameworks */,
				F4463156120EC06E00CD3A2B /* UIKit.framework in Frameworks */,
				F446315A120EC07500CD3A2B /* Foundation.framework in Frameworks */,
				F446315E120EC07B00CD3A2B /* CoreGraphics.framework in Frameworks */,
				F4463162120EC08000CD3A2B /* CoreData.framework in Frameworks */,
				F47E72BB12620CE300D54C39 /* QuartzCore.framework in Frameworks */,
				F4ACBF63127D95F30054F024 /* MessageUI.framework in Frameworks */,
			);
			runOnlyForDeploymentPostprocessing = 0;
		};
/* End PBXFrameworksBuildPhase section */

/* Begin PBXGroup section */
		080E96DDFE201D6D7F000001 /* Classes */ = {
			isa = PBXGroup;
			children = (
				6FFDD14B1201F14C00265D4B /* Controls */,
				6F29A3A611F35E13003652F3 /* ASIHTTPRequest */,
				6F29A38311F35D8B003652F3 /* External */,
				6F29A29C11F22689003652F3 /* Helpers */,
				F4E440E511C37EC600732800 /* Banking */,
				F46F940711BA81DE00CE896C /* BSKeyLock */,
				F4F26CA511BD797E00E0A73B /* TableViewCells */,
				F439ABF4118DA04D00AF52C0 /* Entities */,
				F439AD75119C066F00AF52C0 /* ViewControllers */,
				1D3623240D0F684500981E51 /* MittSaldoAppDelegate.h */,
				1D3623250D0F684500981E51 /* MittSaldoAppDelegate.m */,
			);
			path = Classes;
			sourceTree = "<group>";
		};
		19C28FACFE9D520D11CA2CBB /* Products */ = {
			isa = PBXGroup;
			children = (
				1D6058910D05DD3D006BFB54 /* MittSaldo.app */,
			);
			name = Products;
			sourceTree = "<group>";
		};
		29B97314FDCFA39411CA2CEA /* CustomTemplate */ = {
			isa = PBXGroup;
			children = (
				F439AE0A119C17F000AF52C0 /* MightyLittle */,
				080E96DDFE201D6D7F000001 /* Classes */,
				29B97315FDCFA39411CA2CEA /* Other Sources */,
				29B97317FDCFA39411CA2CEA /* Resources */,
				F4F4367E125A624F004783D2 /* Resources-iPad */,
				29B97323FDCFA39411CA2CEA /* Frameworks */,
				19C28FACFE9D520D11CA2CBB /* Products */,
			);
			name = CustomTemplate;
			sourceTree = "<group>";
		};
		29B97315FDCFA39411CA2CEA /* Other Sources */ = {
			isa = PBXGroup;
			children = (
				28A0AAE50D9B0CCF005BE974 /* MittSaldo_Prefix.pch */,
				29B97316FDCFA39411CA2CEA /* main.m */,
			);
			name = "Other Sources";
			sourceTree = "<group>";
		};
		29B97317FDCFA39411CA2CEA /* Resources */ = {
			isa = PBXGroup;
			children = (
				F41DF627127F5B4100C57927 /* MittSaldo.xcdatamodeld */,
				F44634341216D03200CD3A2B /* XIB */,
				F4E719CC11CC00BF005BD964 /* HTML */,
				F446ECC211A07FDA00FEAB69 /* Images */,
				F44634451216D06200CD3A2B /* Localizable.strings */,
				8D1107310486CEB800E47090 /* MittSaldo-Info.plist */,
				F439AD91119C0E3F00AF52C0 /* Settings.bundle */,
			);
			name = Resources;
			sourceTree = "<group>";
		};
		29B97323FDCFA39411CA2CEA /* Frameworks */ = {
			isa = PBXGroup;
			children = (
				F47E72BA12620CE300D54C39 /* QuartzCore.framework */,
				F4463147120EC04F00CD3A2B /* libz.1.2.3.dylib */,
				F4463149120EC05900CD3A2B /* MobileCoreServices.framework */,
				F446314D120EC06200CD3A2B /* CFNetwork.framework */,
				F4463151120EC06800CD3A2B /* SystemConfiguration.framework */,
				F4463155120EC06E00CD3A2B /* UIKit.framework */,
				F4463159120EC07500CD3A2B /* Foundation.framework */,
				F446315D120EC07B00CD3A2B /* CoreGraphics.framework */,
				F4463161120EC08000CD3A2B /* CoreData.framework */,
				F4ACBF62127D95F30054F024 /* MessageUI.framework */,
			);
			name = Frameworks;
			sourceTree = "<group>";
		};
		6F29A29C11F22689003652F3 /* Helpers */ = {
			isa = PBXGroup;
			children = (
				6F29A29D11F226AA003652F3 /* WebViewUserAgent.h */,
				6F29A29E11F226AA003652F3 /* WebViewUserAgent.m */,
				6F29A5E111FB2A67003652F3 /* MittSaldoSettings.h */,
				6F29A5E211FB2A67003652F3 /* MittSaldoSettings.m */,
				F4D9922912465D9000F08F97 /* AccountSettings.h */,
				F4D9922A12465D9000F08F97 /* AccountSettings.m */,
				F4F83C56127C192C00B537CC /* Swizzle.h */,
				F4F83C57127C192C00B537CC /* Swizzle.m */,
				F4F83C61127C1AD500B537CC /* MyMutableURLRequest.h */,
				F4F83C62127C1AD500B537CC /* MyMutableURLRequest.m */,
			);
			name = Helpers;
			sourceTree = "<group>";
		};
		6F29A38311F35D8B003652F3 /* External */ = {
			isa = PBXGroup;
			children = (
				6F29A38411F35D9C003652F3 /* Reachability.h */,
				6F29A38511F35D9C003652F3 /* Reachability.m */,
			);
			name = External;
			sourceTree = "<group>";
		};
		6F29A3A611F35E13003652F3 /* ASIHTTPRequest */ = {
			isa = PBXGroup;
			children = (
				F49D59F712ABF86000E2F4BD /* ASIDataCompressor.h */,
				F49D59F812ABF86000E2F4BD /* ASIDataCompressor.m */,
				F49D59F912ABF86000E2F4BD /* ASIDataDecompressor.h */,
				F49D59FA12ABF86000E2F4BD /* ASIDataDecompressor.m */,
				6F29A3A711F35E3B003652F3 /* ASIAuthenticationDialog.h */,
				6F29A3A811F35E3B003652F3 /* ASIAuthenticationDialog.m */,
				6F29A3A911F35E3B003652F3 /* ASICacheDelegate.h */,
				6F29A3AA11F35E3B003652F3 /* ASIDownloadCache.h */,
				6F29A3AB11F35E3B003652F3 /* ASIDownloadCache.m */,
				6F29A3AC11F35E3B003652F3 /* ASIFormDataRequest.h */,
				6F29A3AD11F35E3B003652F3 /* ASIFormDataRequest.m */,
				6F29A3AE11F35E3B003652F3 /* ASIHTTPRequest.h */,
				6F29A3AF11F35E3B003652F3 /* ASIHTTPRequest.m */,
				6F29A3B011F35E3B003652F3 /* ASIHTTPRequestConfig.h */,
				6F29A3B111F35E3B003652F3 /* ASIHTTPRequestDelegate.h */,
				6F29A3B211F35E3B003652F3 /* ASIInputStream.h */,
				6F29A3B311F35E3B003652F3 /* ASIInputStream.m */,
				6F29A3B411F35E3B003652F3 /* ASINetworkQueue.h */,
				6F29A3B511F35E3B003652F3 /* ASINetworkQueue.m */,
				6F29A3B611F35E3B003652F3 /* ASIProgressDelegate.h */,
			);
			name = ASIHTTPRequest;
			sourceTree = "<group>";
		};
		6FFDD0FC1201EC5900265D4B /* ICA */ = {
			isa = PBXGroup;
			children = (
				6FFDD0FD1201EC6F00265D4B /* ICABankenLogin.h */,
				6FFDD0FE1201EC6F00265D4B /* ICABankenLogin.m */,
				6FFDD1A11201FA1500265D4B /* ICABankenLoginParser.h */,
				6FFDD1A21201FA1500265D4B /* ICABankenLoginParser.m */,
				6FFDD1001201EC8200265D4B /* ICABankenAccountParser.h */,
				6FFDD1011201EC8200265D4B /* ICABankenAccountParser.m */,
			);
			name = ICA;
			sourceTree = "<group>";
		};
		6FFDD14B1201F14C00265D4B /* Controls */ = {
			isa = PBXGroup;
			children = (
				6FFDD14C1201F15E00265D4B /* BSSettingsTextField.h */,
				6FFDD14D1201F15E00265D4B /* BSSettingsTextField.m */,
				F446335E1216BDE200CD3A2B /* BSKeyboardAwareTableView.h */,
				F446335F1216BDE200CD3A2B /* BSKeyboardAwareTableView.m */,
			);
			name = Controls;
			sourceTree = "<group>";
		};
		F4052EE91306C1C1005AAC54 /* SEB */ = {
			isa = PBXGroup;
			children = (
				F4052EEA1306C1E2005AAC54 /* SEBLogin.h */,
				F4052EEB1306C1E2005AAC54 /* SEBLogin.m */,
				F4052EF013116C33005AAC54 /* SEBAccountParser.h */,
				F4052EF113116C33005AAC54 /* SEBAccountParser.m */,
			);
			name = SEB;
			sourceTree = "<group>";
		};
		F439AB81118D8ED900AF52C0 /* XMLParsers */ = {
			isa = PBXGroup;
			children = (
				F439AB85118D900D00AF52C0 /* LoginParser.h */,
				F439AB86118D900D00AF52C0 /* LoginParser.m */,
			);
			name = XMLParsers;
			sourceTree = "<group>";
		};
		F439ABF4118DA04D00AF52C0 /* Entities */ = {
			isa = PBXGroup;
			children = (
				F4ACBDEA127C3C070054F024 /* LogEntry.h */,
				F4ACBDEB127C3C070054F024 /* LogEntry.m */,
				F4ACBDEC127C3C070054F024 /* LogEntryClass.h */,
				F4ACBDED127C3C070054F024 /* LogEntryClass.m */,
				F446ED3911A086E400FEAB69 /* BankAccount.h */,
				F446ED3A11A086E400FEAB69 /* BankAccount.m */,
			);
			name = Entities;
			sourceTree = "<group>";
		};
		F439AD75119C066F00AF52C0 /* ViewControllers */ = {
			isa = PBXGroup;
			children = (
				F4ACBDFA127C3C2A0054F024 /* Debug */,
				F44634551216D0AB00CD3A2B /* AccountDetailsView.h */,
				F44634561216D0AB00CD3A2B /* AccountDetailsView.m */,
				28C286DF0D94DF7D0034E888 /* RootViewController.h */,
				28C286E00D94DF7D0034E888 /* RootViewController.m */,
				F476A8431184BC20008F84F9 /* SettingsView.h */,
				F476A8441184BC20008F84F9 /* SettingsView.m */,
				F47698B411A95F4B00340455 /* WebBankViewController.h */,
				F47698B511A95F4B00340455 /* WebBankViewController.m */,
				F4E4438811C4F17400732800 /* AboutMittSaldoViewController.h */,
				F4E4438911C4F17400732800 /* AboutMittSaldoViewController.m */,
			);
			name = ViewControllers;
			sourceTree = "<group>";
		};
		F439AD76119C069300AF52C0 /* Swedbank */ = {
			isa = PBXGroup;
			children = (
				F4570F0D119ECFB10087DC1E /* SwedbankAccountParser.h */,
				F4570F0E119ECFB10087DC1E /* SwedbankAccountParser.m */,
			);
			name = Swedbank;
			sourceTree = "<group>";
		};
		F439AE0A119C17F000AF52C0 /* MightyLittle */ = {
			isa = PBXGroup;
			children = (
				F446344A1216D08C00CD3A2B /* CookieHelper.h */,
				F446344B1216D08C00CD3A2B /* CookieHelper.m */,
				F446344C1216D08C00CD3A2B /* CoreDataHelper.h */,
				F446344D1216D08C00CD3A2B /* CoreDataHelper.m */,
				F446344E1216D08C00CD3A2B /* MLUtils.h */,
				F446344F1216D08C00CD3A2B /* MLUtils.m */,
			);
			name = MightyLittle;
			sourceTree = "<group>";
		};
		F4463185120EC24800CD3A2B /* Protocols */ = {
			isa = PBXGroup;
			children = (
				F4E71F8511CFDE2C005BD964 /* BankLogin.h */,
				F4463176120EC10800CD3A2B /* AccountParser.h */,
			);
			name = Protocols;
			sourceTree = "<group>";
		};
		F44634341216D03200CD3A2B /* XIB */ = {
			isa = PBXGroup;
			children = (
				F4ACBDE5127C3BD70054F024 /* DebugLogEntryView.xib */,
				F4ACBDE3127C3BBA0054F024 /* DebugTableView.xib */,
				F48C7BDD126235FA0044B1BB /* KeyLockViewController.xib */,
				F44634351216D03F00CD3A2B /* AboutMittSaldo.xib */,
				F44634361216D03F00CD3A2B /* AccountDetailsView.xib */,
				F44634381216D03F00CD3A2B /* MainView.xib */,
				F44634391216D03F00CD3A2B /* MainWindow.xib */,
				F446343A1216D03F00CD3A2B /* RootViewController.xib */,
				F446343B1216D03F00CD3A2B /* SettingsView.xib */,
				F446343C1216D03F00CD3A2B /* WebBankViewController.xib */,
			);
			name = XIB;
			sourceTree = "<group>";
		};
		F446ECC211A07FDA00FEAB69 /* Images */ = {
			isa = PBXGroup;
			children = (
				F4CD8CA112589706003C316D /* eye_black.png */,
				F4D994BB124E52DE00F08F97 /* eye.png */,
				F4534C17121813C000BF6D4A /* Icon-72.png */,
				F4534C18121813C000BF6D4A /* Icon-Small-50.png */,
				F4534C19121813C000BF6D4A /* Icon-Small.png */,
				F4534C1A121813C000BF6D4A /* Icon-Small@2x.png */,
				F4534C1B121813C000BF6D4A /* Icon@2x.png */,
				F4534C1C121813C000BF6D4A /* iTunesArtwork.png */,
				F44633191216BB7300CD3A2B /* 20-gear2.png */,
				F446331A1216BB7300CD3A2B /* 32-iphone.png */,
				F446331B1216BB7300CD3A2B /* 54-lock-white.png */,
				F446331C1216BB7300CD3A2B /* 119-piggybank.png */,
				F44633151216BB5B00CD3A2B /* 84-lightbulb.png */,
				F44633161216BB5B00CD3A2B /* Icon.png */,
				F46F930F11AF1D0600CE896C /* keylockbg.png */,
			);
			name = Images;
			sourceTree = "<group>";
		};
		F46F940711BA81DE00CE896C /* BSKeyLock */ = {
			isa = PBXGroup;
			children = (
				F46F8E0D11AB04E600CE896C /* KeyLockViewController.h */,
				F46F8E0E11AB04E600CE896C /* KeyLockViewController.m */,
				F46F8E7611AB0B6F00CE896C /* BSKeyLock.h */,
				F46F8E7711AB0B6F00CE896C /* BSKeyLock.m */,
			);
			name = BSKeyLock;
			sourceTree = "<group>";
		};
		F4ACBDFA127C3C2A0054F024 /* Debug */ = {
			isa = PBXGroup;
			children = (
				F4ACBDF4127C3C270054F024 /* DebugLogEntryViewController.h */,
				F4ACBDF5127C3C270054F024 /* DebugLogEntryViewController.m */,
				F4ACBDF6127C3C270054F024 /* DebugTableViewController.h */,
				F4ACBDF7127C3C270054F024 /* DebugTableViewController.m */,
			);
			name = Debug;
			sourceTree = "<group>";
		};
		F4D08A2E12D63DEB005C2A3A /* Lansforsakringar */ = {
			isa = PBXGroup;
			children = (
				F4D08A3012D63E36005C2A3A /* LansforsakringarLogin.h */,
				F4D08A3112D63E36005C2A3A /* LansforsakringarLogin.m */,
				F4D08A3312D63ED5005C2A3A /* LansforsakringarLoginParser.h */,
				F4D08A3412D63ED5005C2A3A /* LansforsakringarLoginParser.m */,
				F451A95512E83E9C006CC41B /* LansforsakringarAccountParser.h */,
				F451A95612E83E9C006CC41B /* LansforsakringarAccountParser.m */,
			);
			name = Lansforsakringar;
			sourceTree = "<group>";
		};
		F4E440E411C37E7D00732800 /* Nordea */ = {
			isa = PBXGroup;
			children = (
				F4E440E611C37EFB00732800 /* NordeaAccountParser.h */,
				F4E440E711C37EFB00732800 /* NordeaAccountParser.m */,
			);
			name = Nordea;
			sourceTree = "<group>";
		};
		F4E440E511C37EC600732800 /* Banking */ = {
			isa = PBXGroup;
			children = (
				F4052EE91306C1C1005AAC54 /* SEB */,
				F4D08A2E12D63DEB005C2A3A /* Lansforsakringar */,
				F4463185120EC24800CD3A2B /* Protocols */,
				6FFDD0FC1201EC5900265D4B /* ICA */,
				F4E71F7E11CFDCA9005BD964 /* Handelsbanken */,
				F4E440E411C37E7D00732800 /* Nordea */,
				F439AD76119C069300AF52C0 /* Swedbank */,
				F439AB81118D8ED900AF52C0 /* XMLParsers */,
				F439AD77119C06B400AF52C0 /* AccountUpdater.h */,
				F439AD78119C06B400AF52C0 /* AccountUpdater.m */,
				F4D9924112465FCE00F08F97 /* BankLoginBase.h */,
				F4D9924212465FCE00F08F97 /* BankLoginBase.m */,
				F4052EED1306C420005AAC54 /* BankLoginFactory.h */,
				F4052EEE1306C426005AAC54 /* BankLoginFactory.m */,
			);
			name = Banking;
			sourceTree = "<group>";
		};
		F4E719CC11CC00BF005BD964 /* HTML */ = {
			isa = PBXGroup;
			children = (
				F4E719D511CC015D005BD964 /* parts.js */,
				F4E719D111CC0108005BD964 /* main.css */,
				F4E719D211CC0108005BD964 /* main.js */,
				F4E719CF11CC00E9005BD964 /* backgroundStripes.png */,
				F4E719CD11CC00CD005BD964 /* index.html */,
			);
			name = HTML;
			sourceTree = "<group>";
		};
		F4E71F7E11CFDCA9005BD964 /* Handelsbanken */ = {
			isa = PBXGroup;
			children = (
				F4E71F7F11CFDCD8005BD964 /* HandelsbankenAccountParser.h */,
				F4E71F8011CFDCD8005BD964 /* HandelsbankenAccountParser.m */,
				6F29A45011F363D8003652F3 /* HandelsbankenMenuParser.h */,
				6F29A45111F363D8003652F3 /* HandelsbankenMenuParser.m */,
				F4E71F8211CFDD9F005BD964 /* HandelsbankenLogin.h */,
				F4E71F8311CFDD9F005BD964 /* HandelsbankenLogin.m */,
			);
			name = Handelsbanken;
			sourceTree = "<group>";
		};
		F4F26CA511BD797E00E0A73B /* TableViewCells */ = {
			isa = PBXGroup;
			children = (
				F4ACBDE7127C3BF40054F024 /* SliderCell.h */,
				F4ACBDE8127C3BF40054F024 /* SliderCell.m */,
				F4F26CA911BD79D100E0A73B /* UISwitchCell.h */,
				F4F26CAA11BD79D100E0A73B /* UISwitchCell.m */,
				F4F26CF411BD7C7700E0A73B /* UITextInputCell.h */,
				F4F26CF511BD7C7700E0A73B /* UITextInputCell.m */,
				F45A466712ABE6F5009C214F /* AccountInfoTableView.h */,
				F45A466812ABE6F5009C214F /* AccountInfoTableView.m */,
			);
			name = TableViewCells;
			sourceTree = "<group>";
		};
		F4F4367E125A624F004783D2 /* Resources-iPad */ = {
			isa = PBXGroup;
			children = (
				F4F4367F125A624F004783D2 /* MainWindow-iPad.xib */,
			);
			name = "Resources-iPad";
			sourceTree = "<group>";
		};
/* End PBXGroup section */

/* Begin PBXNativeTarget section */
		1D6058900D05DD3D006BFB54 /* MittSaldo */ = {
			isa = PBXNativeTarget;
			buildConfigurationList = 1D6058960D05DD3E006BFB54 /* Build configuration list for PBXNativeTarget "MittSaldo" */;
			buildPhases = (
				1D60588D0D05DD3D006BFB54 /* Resources */,
				1D60588E0D05DD3D006BFB54 /* Sources */,
				1D60588F0D05DD3D006BFB54 /* Frameworks */,
			);
			buildRules = (
			);
			dependencies = (
			);
			name = MittSaldo;
			productName = MittSaldo;
			productReference = 1D6058910D05DD3D006BFB54 /* MittSaldo.app */;
			productType = "com.apple.product-type.application";
		};
/* End PBXNativeTarget section */

/* Begin PBXProject section */
		29B97313FDCFA39411CA2CEA /* Project object */ = {
			isa = PBXProject;
			attributes = {
				ORGANIZATIONNAME = "Björn Sållarp";
			};
			buildConfigurationList = C01FCF4E08A954540054247B /* Build configuration list for PBXProject "MittSaldo" */;
			compatibilityVersion = "Xcode 3.2";
			developmentRegion = English;
			hasScannedForEncodings = 1;
			knownRegions = (
				English,
				Japanese,
				French,
				German,
				en,
				sv,
			);
			mainGroup = 29B97314FDCFA39411CA2CEA /* CustomTemplate */;
			projectDirPath = "";
			projectRoot = "";
			targets = (
				1D6058900D05DD3D006BFB54 /* MittSaldo */,
			);
		};
/* End PBXProject section */

/* Begin PBXResourcesBuildPhase section */
		1D60588D0D05DD3D006BFB54 /* Resources */ = {
			isa = PBXResourcesBuildPhase;
			buildActionMask = 2147483647;
			files = (
				F4E719D411CC0108005BD964 /* main.js in Resources */,
				F4E719D611CC015D005BD964 /* parts.js in Resources */,
				F439AD92119C0E3F00AF52C0 /* Settings.bundle in Resources */,
				F46F931011AF1D0600CE896C /* keylockbg.png in Resources */,
				F4E719CE11CC00CD005BD964 /* index.html in Resources */,
				F4E719D011CC00E9005BD964 /* backgroundStripes.png in Resources */,
				F4E719D311CC0108005BD964 /* main.css in Resources */,
				F44633171216BB5B00CD3A2B /* 84-lightbulb.png in Resources */,
				F44633181216BB5B00CD3A2B /* Icon.png in Resources */,
				F446331D1216BB7300CD3A2B /* 20-gear2.png in Resources */,
				F446331E1216BB7300CD3A2B /* 32-iphone.png in Resources */,
				F446331F1216BB7300CD3A2B /* 54-lock-white.png in Resources */,
				F44633201216BB7300CD3A2B /* 119-piggybank.png in Resources */,
				F446343D1216D03F00CD3A2B /* AboutMittSaldo.xib in Resources */,
				F446343E1216D03F00CD3A2B /* AccountDetailsView.xib in Resources */,
				F44634401216D03F00CD3A2B /* MainView.xib in Resources */,
				F44634411216D03F00CD3A2B /* MainWindow.xib in Resources */,
				F44634421216D03F00CD3A2B /* RootViewController.xib in Resources */,
				F44634431216D03F00CD3A2B /* SettingsView.xib in Resources */,
				F44634441216D03F00CD3A2B /* WebBankViewController.xib in Resources */,
				F44634471216D06200CD3A2B /* Localizable.strings in Resources */,
				F4534C1D121813C000BF6D4A /* Icon-72.png in Resources */,
				F4534C1E121813C000BF6D4A /* Icon-Small-50.png in Resources */,
				F4534C1F121813C000BF6D4A /* Icon-Small.png in Resources */,
				F4534C20121813C000BF6D4A /* Icon-Small@2x.png in Resources */,
				F4534C21121813C000BF6D4A /* Icon@2x.png in Resources */,
				F4534C22121813C000BF6D4A /* iTunesArtwork.png in Resources */,
				F4D994BC124E52DE00F08F97 /* eye.png in Resources */,
				F4CD8CA212589706003C316D /* eye_black.png in Resources */,
				F4F43680125A624F004783D2 /* MainWindow-iPad.xib in Resources */,
				F48C7BDE126235FA0044B1BB /* KeyLockViewController.xib in Resources */,
				F4ACBDE4127C3BBA0054F024 /* DebugTableView.xib in Resources */,
				F4ACBDE6127C3BD70054F024 /* DebugLogEntryView.xib in Resources */,
			);
			runOnlyForDeploymentPostprocessing = 0;
		};
/* End PBXResourcesBuildPhase section */

/* Begin PBXSourcesBuildPhase section */
		1D60588E0D05DD3D006BFB54 /* Sources */ = {
			isa = PBXSourcesBuildPhase;
			buildActionMask = 2147483647;
			files = (
				1D60589B0D05DD56006BFB54 /* main.m in Sources */,
				1D3623260D0F684500981E51 /* MittSaldoAppDelegate.m in Sources */,
				28C286E10D94DF7D0034E888 /* RootViewController.m in Sources */,
				F476A8461184BC20008F84F9 /* SettingsView.m in Sources */,
				F439AB87118D900D00AF52C0 /* LoginParser.m in Sources */,
				F439AD79119C06B400AF52C0 /* AccountUpdater.m in Sources */,
				F4570F0F119ECFB10087DC1E /* SwedbankAccountParser.m in Sources */,
				F446ED3B11A086E400FEAB69 /* BankAccount.m in Sources */,
				F47698B711A95F4B00340455 /* WebBankViewController.m in Sources */,
				F46F8E1011AB04E600CE896C /* KeyLockViewController.m in Sources */,
				F46F8E7811AB0B6F00CE896C /* BSKeyLock.m in Sources */,
				F4F26CAB11BD79D100E0A73B /* UISwitchCell.m in Sources */,
				F4F26CF611BD7C7700E0A73B /* UITextInputCell.m in Sources */,
				F4E440E811C37EFB00732800 /* NordeaAccountParser.m in Sources */,
				F4E4438B11C4F17400732800 /* AboutMittSaldoViewController.m in Sources */,
				F4E71F8111CFDCD8005BD964 /* HandelsbankenAccountParser.m in Sources */,
				F4E71F8411CFDD9F005BD964 /* HandelsbankenLogin.m in Sources */,
				6F29A29F11F226AA003652F3 /* WebViewUserAgent.m in Sources */,
				6F29A38611F35D9C003652F3 /* Reachability.m in Sources */,
				6F29A3B711F35E3B003652F3 /* ASIAuthenticationDialog.m in Sources */,
				6F29A3B811F35E3B003652F3 /* ASIDownloadCache.m in Sources */,
				6F29A3B911F35E3B003652F3 /* ASIFormDataRequest.m in Sources */,
				6F29A3BA11F35E3B003652F3 /* ASIHTTPRequest.m in Sources */,
				6F29A3BB11F35E3B003652F3 /* ASIInputStream.m in Sources */,
				6F29A3BC11F35E3B003652F3 /* ASINetworkQueue.m in Sources */,
				6F29A45211F363D8003652F3 /* HandelsbankenMenuParser.m in Sources */,
				6F29A5E311FB2A67003652F3 /* MittSaldoSettings.m in Sources */,
				6FFDD0FF1201EC6F00265D4B /* ICABankenLogin.m in Sources */,
				6FFDD1021201EC8200265D4B /* ICABankenAccountParser.m in Sources */,
				6FFDD14E1201F15E00265D4B /* BSSettingsTextField.m in Sources */,
				6FFDD1A31201FA1500265D4B /* ICABankenLoginParser.m in Sources */,
				F44633601216BDE200CD3A2B /* BSKeyboardAwareTableView.m in Sources */,
				F44634501216D08C00CD3A2B /* CookieHelper.m in Sources */,
				F44634511216D08C00CD3A2B /* CoreDataHelper.m in Sources */,
				F44634521216D08C00CD3A2B /* MLUtils.m in Sources */,
				F44634571216D0AB00CD3A2B /* AccountDetailsView.m in Sources */,
				F4D9922B12465D9000F08F97 /* AccountSettings.m in Sources */,
				F4D9924312465FCE00F08F97 /* BankLoginBase.m in Sources */,
				F4F83C58127C192C00B537CC /* Swizzle.m in Sources */,
				F4F83C63127C1AD500B537CC /* MyMutableURLRequest.m in Sources */,
				F4ACBDE9127C3BF40054F024 /* SliderCell.m in Sources */,
				F4ACBDEE127C3C070054F024 /* LogEntry.m in Sources */,
				F4ACBDEF127C3C070054F024 /* LogEntryClass.m in Sources */,
				F4ACBDF8127C3C270054F024 /* DebugLogEntryViewController.m in Sources */,
				F4ACBDF9127C3C270054F024 /* DebugTableViewController.m in Sources */,
				F41DF62A127F5B4100C57927 /* MittSaldo.xcdatamodeld in Sources */,
				F45A466912ABE6F5009C214F /* AccountInfoTableView.m in Sources */,
				F49D59FB12ABF86000E2F4BD /* ASIDataCompressor.m in Sources */,
				F49D59FC12ABF86000E2F4BD /* ASIDataDecompressor.m in Sources */,
				F4D08A3212D63E36005C2A3A /* LansforsakringarLogin.m in Sources */,
				F4D08A3512D63ED5005C2A3A /* LansforsakringarLoginParser.m in Sources */,
				F451A95712E83E9C006CC41B /* LansforsakringarAccountParser.m in Sources */,
				F4052EEC1306C1E3005AAC54 /* SEBLogin.m in Sources */,
				F4052EEF1306C42E005AAC54 /* BankLoginFactory.m in Sources */,
				F4052EF213116C34005AAC54 /* SEBAccountParser.m in Sources */,
			);
			runOnlyForDeploymentPostprocessing = 0;
		};
/* End PBXSourcesBuildPhase section */

/* Begin PBXVariantGroup section */
		F44634451216D06200CD3A2B /* Localizable.strings */ = {
			isa = PBXVariantGroup;
			children = (
				F44634461216D06200CD3A2B /* sv */,
			);
			name = Localizable.strings;
			sourceTree = "<group>";
		};
/* End PBXVariantGroup section */

/* Begin XCBuildConfiguration section */
		1D6058940D05DD3E006BFB54 /* Debug */ = {
			isa = XCBuildConfiguration;
			buildSettings = {
				ALWAYS_SEARCH_USER_PATHS = NO;
				ARCHS = "$(ARCHS_STANDARD_32_BIT)";
				COPY_PHASE_STRIP = NO;
				GCC_DYNAMIC_NO_PIC = NO;
				GCC_OPTIMIZATION_LEVEL = 0;
				GCC_PRECOMPILE_PREFIX_HEADER = YES;
				GCC_PREFIX_HEADER = MittSaldo_Prefix.pch;
				INFOPLIST_FILE = "MittSaldo-Info.plist";
				PRODUCT_NAME = MittSaldo;
				SDKROOT = iphoneos;
				TARGETED_DEVICE_FAMILY = "1,2";
			};
			name = Debug;
		};
		1D6058950D05DD3E006BFB54 /* Release */ = {
			isa = XCBuildConfiguration;
			buildSettings = {
				ALWAYS_SEARCH_USER_PATHS = NO;
				ARCHS = "$(ARCHS_STANDARD_32_BIT)";
				COPY_PHASE_STRIP = YES;
				GCC_PRECOMPILE_PREFIX_HEADER = YES;
				GCC_PREFIX_HEADER = MittSaldo_Prefix.pch;
				INFOPLIST_FILE = "MittSaldo-Info.plist";
				IPHONEOS_DEPLOYMENT_TARGET = 3.0;
				PRODUCT_NAME = MittSaldo;
				SDKROOT = iphoneos;
				TARGETED_DEVICE_FAMILY = "1,2";
				VALIDATE_PRODUCT = YES;
			};
			name = Release;
		};
		C01FCF4F08A954540054247B /* Debug */ = {
			isa = XCBuildConfiguration;
			buildSettings = {
				ARCHS = "$(ARCHS_STANDARD_32_BIT)";
				"CODE_SIGN_IDENTITY[sdk=iphoneos*]" = "iPhone Developer";
				GCC_C_LANGUAGE_STANDARD = c99;
				GCC_WARN_ABOUT_RETURN_TYPE = YES;
				GCC_WARN_UNUSED_VARIABLE = YES;
				HEADER_SEARCH_PATHS = "";
				IPHONEOS_DEPLOYMENT_TARGET = 3.0;
				OTHER_LDFLAGS = "";
				PREBINDING = NO;
				SDKROOT = iphoneos;
				TARGETED_DEVICE_FAMILY = "1,2";
			};
			name = Debug;
		};
		C01FCF5008A954540054247B /* Release */ = {
			isa = XCBuildConfiguration;
			buildSettings = {
				ARCHS = "$(ARCHS_STANDARD_32_BIT)";
				"CODE_SIGN_IDENTITY[sdk=iphoneos*]" = "iPhone Developer";
				GCC_C_LANGUAGE_STANDARD = c99;
				GCC_WARN_ABOUT_RETURN_TYPE = YES;
				GCC_WARN_UNUSED_VARIABLE = YES;
				IPHONEOS_DEPLOYMENT_TARGET = 3.0;
				ONLY_ACTIVE_ARCH = NO;
				OTHER_CFLAGS = "-DNS_BLOCK_ASSERTIONS=1";
				PREBINDING = NO;
				SDKROOT = iphoneos;
				TARGETED_DEVICE_FAMILY = "1,2";
			};
			name = Release;
		};
		F411C12D12E9B7150095271E /* Distribution */ = {
			isa = XCBuildConfiguration;
			buildSettings = {
				ARCHS = "$(ARCHS_STANDARD_32_BIT)";
				"CODE_SIGN_IDENTITY[sdk=iphoneos*]" = "iPhone Distribution";
				GCC_C_LANGUAGE_STANDARD = c99;
				GCC_WARN_ABOUT_RETURN_TYPE = YES;
				GCC_WARN_UNUSED_VARIABLE = YES;
				IPHONEOS_DEPLOYMENT_TARGET = 3.0;
				ONLY_ACTIVE_ARCH = NO;
				OTHER_CFLAGS = "-DNS_BLOCK_ASSERTIONS=1";
				PREBINDING = NO;
				"PROVISIONING_PROFILE[sdk=iphoneos*]" = "";
				SDKROOT = iphoneos;
				TARGETED_DEVICE_FAMILY = "1,2";
			};
			name = Distribution;
		};
		F411C12E12E9B7150095271E /* Distribution */ = {
			isa = XCBuildConfiguration;
			buildSettings = {
				ALWAYS_SEARCH_USER_PATHS = NO;
				ARCHS = "$(ARCHS_STANDARD_32_BIT)";
				COPY_PHASE_STRIP = YES;
				GCC_PRECOMPILE_PREFIX_HEADER = YES;
				GCC_PREFIX_HEADER = MittSaldo_Prefix.pch;
				INFOPLIST_FILE = "MittSaldo-Info.plist";
				IPHONEOS_DEPLOYMENT_TARGET = 3.0;
				PRODUCT_NAME = MittSaldo;
				SDKROOT = iphoneos;
				TARGETED_DEVICE_FAMILY = "1,2";
				VALIDATE_PRODUCT = YES;
			};
			name = Distribution;
		};
/* End XCBuildConfiguration section */

/* Begin XCConfigurationList section */
		1D6058960D05DD3E006BFB54 /* Build configuration list for PBXNativeTarget "MittSaldo" */ = {
			isa = XCConfigurationList;
			buildConfigurations = (
				1D6058940D05DD3E006BFB54 /* Debug */,
				1D6058950D05DD3E006BFB54 /* Release */,
				F411C12E12E9B7150095271E /* Distribution */,
			);
			defaultConfigurationIsVisible = 0;
			defaultConfigurationName = Release;
		};
		C01FCF4E08A954540054247B /* Build configuration list for PBXProject "MittSaldo" */ = {
			isa = XCConfigurationList;
			buildConfigurations = (
				C01FCF4F08A954540054247B /* Debug */,
				C01FCF5008A954540054247B /* Release */,
				F411C12D12E9B7150095271E /* Distribution */,
			);
			defaultConfigurationIsVisible = 0;
			defaultConfigurationName = Release;
		};
/* End XCConfigurationList section */

/* Begin XCVersionGroup section */
		F41DF627127F5B4100C57927 /* MittSaldo.xcdatamodeld */ = {
			isa = XCVersionGroup;
			children = (
				F41DF628127F5B4100C57927 /* MittSaldo 2.xcdatamodel */,
				F41DF629127F5B4100C57927 /* MittSaldo.xcdatamodel */,
			);
			currentVersion = F41DF628127F5B4100C57927 /* MittSaldo 2.xcdatamodel */;
			path = MittSaldo.xcdatamodeld;
			sourceTree = "<group>";
			versionGroupType = wrapper.xcdatamodel;
		};
/* End XCVersionGroup section */
	};
	rootObject = 29B97313FDCFA39411CA2CEA /* Project object */;
}
